
Microsoft Visual Studio Solution File, Format Version 12.00
# Visual Studio Version 17
VisualStudioVersion = 17.8.34408.163
MinimumVisualStudioVersion = 10.0.40219.1
Project("{F184B08F-C81C-45F6-A57F-5ABD9991F28F}") = "68hc58pro", "68hc58pro\68hc58pro.vbproj", "{D48B3AF8-1704-474E-9F62-CD3063131AC3}"
EndProject
Global
	GlobalSection(SolutionConfigurationPlatforms) = preSolution
		Debug|Any CPU = Debug|Any CPU
		Release|Any CPU = Release|Any CPU
	EndGlobalSection
	GlobalSection(ProjectConfigurationPlatforms) = postSolution
		{D48B3AF8-1704-474E-9F62-CD3063131AC3}.Debug|Any CPU.ActiveCfg = Debug|Any CPU
		{D48B3AF8-1704-474E-9F62-CD3063131AC3}.Debug|Any CPU.Build.0 = Debug|Any CPU
		{D48B3AF8-1704-474E-9F62-CD3063131AC3}.Release|Any CPU.ActiveCfg = Release|Any CPU
		{D48B3AF8-1704-474E-9F62-CD3063131AC3}.Release|Any CPU.Build.0 = Release|Any CPU
	EndGlobalSection
	GlobalSection(SolutionProperties) = preSolution
		HideSolutionNode = FALSE
	EndGlobalSection
	GlobalSection(ExtensibilityGlobals) = postSolution
		SolutionGuid = {E5F063E2-8A1E-4145-AAF1-42188FC72985}
	EndGlobalSection
EndGlobal
